
Microsoft Visual Studio Solution File, Format Version 12.00
# Visual Studio Version 16
VisualStudioVersion = 16.0.31410.357
MinimumVisualStudioVersion = 10.0.40219.1
Project("{FAE04EC0-301F-11D3-BF4B-00C04F79EFBC}") = "8058 Assignment 3", "8058 Assignment 3.csproj", "{B9DD95A8-6D9F-4F1D-880A-142CD9199936}"
EndProject
Global
	GlobalSection(SolutionConfigurationPlatforms) = preSolution
		Debug|Any CPU = Debug|Any CPU
		Release|Any CPU = Release|Any CPU
	EndGlobalSection
	GlobalSection(ProjectConfigurationPlatforms) = postSolution
		{B9DD95A8-6D9F-4F1D-880A-142CD9199936}.Debug|Any CPU.ActiveCfg = Debug|Any CPU
		{B9DD95A8-6D9F-4F1D-880A-142CD9199936}.Debug|Any CPU.Build.0 = Debug|Any CPU
		{B9DD95A8-6D9F-4F1D-880A-142CD9199936}.Release|Any CPU.ActiveCfg = Release|Any CPU
		{B9DD95A8-6D9F-4F1D-880A-142CD9199936}.Release|Any CPU.Build.0 = Release|Any CPU
	EndGlobalSection
	GlobalSection(SolutionProperties) = preSolution
		HideSolutionNode = FALSE
	EndGlobalSection
	GlobalSection(ExtensibilityGlobals) = postSolution
		SolutionGuid = {354F1911-7D5B-4AB4-8081-2943A88E80FC}
	EndGlobalSection
EndGlobal
